
Microsoft Visual Studio Solution File, Format Version 12.00
# Visual Studio 15
VisualStudioVersion = 15.0.28307.1209
MinimumVisualStudioVersion = 10.0.40219.1
Project("{8BC9CEB8-8B4A-11D0-8D11-00A0C91BC942}") = "lab2", "lab2\lab2.vcxproj", "{20CEC30D-0905-4141-9113-EED3537F447F}"
EndProject
Global
	GlobalSection(SolutionConfigurationPlatforms) = preSolution
		Debug|x64 = Debug|x64
		Debug|x86 = Debug|x86
		Release|x64 = Release|x64
		Release|x86 = Release|x86
	EndGlobalSection
	GlobalSection(ProjectConfigurationPlatforms) = postSolution
		{20CEC30D-0905-4141-9113-EED3537F447F}.Debug|x64.ActiveCfg = Debug|x64
		{20CEC30D-0905-4141-9113-EED3537F447F}.Debug|x64.Build.0 = Debug|x64
		{20CEC30D-0905-4141-9113-EED3537F447F}.Debug|x86.ActiveCfg = Debug|Win32
		{20CEC30D-0905-4141-9113-EED3537F447F}.Debug|x86.Build.0 = Debug|Win32
		{20CEC30D-0905-4141-9113-EED3537F447F}.Release|x64.ActiveCfg = Release|x64
		{20CEC30D-0905-4141-9113-EED3537F447F}.Release|x64.Build.0 = Release|x64
		{20CEC30D-0905-4141-9113-EED3537F447F}.Release|x86.ActiveCfg = Release|Win32
		{20CEC30D-0905-4141-9113-EED3537F447F}.Release|x86.Build.0 = Release|Win32
	EndGlobalSection
	GlobalSection(SolutionProperties) = preSolution
		HideSolutionNode = FALSE
	EndGlobalSection
	GlobalSection(ExtensibilityGlobals) = postSolution
		SolutionGuid = {B0C4C88B-8BD7-4A51-AA29-36ADC8553154}
	EndGlobalSection
EndGlobal
